// !$*UTF8*$!
{
	archiveVersion = 1;
	classes = {
	};
	objectVersion = 50;
	objects = {

/* Begin PBXBuildFile section */
		1927177022908D03003DD25E /* ParallaxItem.swift in Sources */ = {isa = PBXBuildFile; fileRef = 1927176F22908D03003DD25E /* ParallaxItem.swift */; };
		19F07638228D629700E275CD /* AppDelegate.swift in Sources */ = {isa = PBXBuildFile; fileRef = 19F07637228D629700E275CD /* AppDelegate.swift */; };
		19F0763A228D629700E275CD /* ViewController.swift in Sources */ = {isa = PBXBuildFile; fileRef = 19F07639228D629700E275CD /* ViewController.swift */; };
		19F0763D228D629700E275CD /* Main.storyboard in Resources */ = {isa = PBXBuildFile; fileRef = 19F0763B228D629700E275CD /* Main.storyboard */; };
		19F0763F228D629900E275CD /* Assets.xcassets in Resources */ = {isa = PBXBuildFile; fileRef = 19F0763E228D629900E275CD /* Assets.xcassets */; };
		19F07642228D629900E275CD /* LaunchScreen.storyboard in Resources */ = {isa = PBXBuildFile; fileRef = 19F07640228D629900E275CD /* LaunchScreen.storyboard */; };
/* End PBXBuildFile section */

/* Begin PBXCopyFilesBuildPhase section */
		198CB757228EABC8007B79DE /* Embed Frameworks */ = {
			isa = PBXCopyFilesBuildPhase;
			buildActionMask = 2147483647;
			dstPath = "";
			dstSubfolderSpec = 10;
			files = (
			);
			name = "Embed Frameworks";
			runOnlyForDeploymentPostprocessing = 0;
		};
/* End PBXCopyFilesBuildPhase section */

/* Begin PBXFileReference section */
		1927176B228FDE03003DD25E /* PVView.framework */ = {isa = PBXFileReference; explicitFileType = wrapper.framework; path = PVView.framework; sourceTree = BUILT_PRODUCTS_DIR; };
		1927176D228FE7DB003DD25E /* PVView.framework */ = {isa = PBXFileReference; explicitFileType = wrapper.framework; path = PVView.framework; sourceTree = BUILT_PRODUCTS_DIR; };
		1927176F22908D03003DD25E /* ParallaxItem.swift */ = {isa = PBXFileReference; lastKnownFileType = sourcecode.swift; path = ParallaxItem.swift; sourceTree = "<group>"; };
		19F07634228D629700E275CD /* PVViewDemo.app */ = {isa = PBXFileReference; explicitFileType = wrapper.application; includeInIndex = 0; path = PVViewDemo.app; sourceTree = BUILT_PRODUCTS_DIR; };
		19F07637228D629700E275CD /* AppDelegate.swift */ = {isa = PBXFileReference; lastKnownFileType = sourcecode.swift; path = AppDelegate.swift; sourceTree = "<group>"; };
		19F07639228D629700E275CD /* ViewController.swift */ = {isa = PBXFileReference; lastKnownFileType = sourcecode.swift; path = ViewController.swift; sourceTree = "<group>"; };
		19F0763C228D629700E275CD /* Base */ = {isa = PBXFileReference; lastKnownFileType = file.storyboard; name = Base; path = Base.lproj/Main.storyboard; sourceTree = "<group>"; };
		19F0763E228D629900E275CD /* Assets.xcassets */ = {isa = PBXFileReference; lastKnownFileType = folder.assetcatalog; path = Assets.xcassets; sourceTree = "<group>"; };
		19F07641228D629900E275CD /* Base */ = {isa = PBXFileReference; lastKnownFileType = file.storyboard; name = Base; path = Base.lproj/LaunchScreen.storyboard; sourceTree = "<group>"; };
		19F07643228D629900E275CD /* Info.plist */ = {isa = PBXFileReference; lastKnownFileType = text.plist.xml; path = Info.plist; sourceTree = "<group>"; };
/* End PBXFileReference section */

/* Begin PBXFrameworksBuildPhase section */
		19F07631228D629700E275CD /* Frameworks */ = {
			isa = PBXFrameworksBuildPhase;
			buildActionMask = 2147483647;
			files = (
			);
			runOnlyForDeploymentPostprocessing = 0;
		};
/* End PBXFrameworksBuildPhase section */

/* Begin PBXGroup section */
		19F0762B228D629700E275CD = {
			isa = PBXGroup;
			children = (
				19F07636228D629700E275CD /* PVViewDemo */,
				19F07635228D629700E275CD /* Products */,
				1BEBCB934A4738AB817625DB /* Frameworks */,
			);
			sourceTree = "<group>";
		};
		19F07635228D629700E275CD /* Products */ = {
			isa = PBXGroup;
			children = (
				19F07634228D629700E275CD /* PVViewDemo.app */,
			);
			name = Products;
			sourceTree = "<group>";
		};
		19F07636228D629700E275CD /* PVViewDemo */ = {
			isa = PBXGroup;
			children = (
				19F07637228D629700E275CD /* AppDelegate.swift */,
				1927176F22908D03003DD25E /* ParallaxItem.swift */,
				19F07639228D629700E275CD /* ViewController.swift */,
				19F0763B228D629700E275CD /* Main.storyboard */,
				19F0763E228D629900E275CD /* Assets.xcassets */,
				19F07640228D629900E275CD /* LaunchScreen.storyboard */,
				19F07643228D629900E275CD /* Info.plist */,
			);
			path = PVViewDemo;
			sourceTree = "<group>";
		};
		1BEBCB934A4738AB817625DB /* Frameworks */ = {
			isa = PBXGroup;
			children = (
				1927176D228FE7DB003DD25E /* PVView.framework */,
				1927176B228FDE03003DD25E /* PVView.framework */,
			);
			name = Frameworks;
			sourceTree = "<group>";
		};
/* End PBXGroup section */

/* Begin PBXNativeTarget section */
		19F07633228D629700E275CD /* PVViewDemo */ = {
			isa = PBXNativeTarget;
			buildConfigurationList = 19F07646228D629900E275CD /* Build configuration list for PBXNativeTarget "PVViewDemo" */;
			buildPhases = (
				19F07630228D629700E275CD /* Sources */,
				19F07631228D629700E275CD /* Frameworks */,
				19F07632228D629700E275CD /* Resources */,
				198CB757228EABC8007B79DE /* Embed Frameworks */,
			);
			buildRules = (
			);
			dependencies = (
			);
			name = PVViewDemo;
			productName = PVViewDemo;
			productReference = 19F07634228D629700E275CD /* PVViewDemo.app */;
			productType = "com.apple.product-type.application";
		};
/* End PBXNativeTarget section */

/* Begin PBXProject section */
		19F0762C228D629700E275CD /* Project object */ = {
			isa = PBXProject;
			attributes = {
				LastSwiftUpdateCheck = 1020;
				LastUpgradeCheck = 1020;
				ORGANIZATIONNAME = TNT;
				TargetAttributes = {
					19F07633228D629700E275CD = {
						CreatedOnToolsVersion = 10.2.1;
					};
				};
			};
			buildConfigurationList = 19F0762F228D629700E275CD /* Build configuration list for PBXProject "PVViewDemo" */;
			compatibilityVersion = "Xcode 9.3";
			developmentRegion = en;
			hasScannedForEncodings = 0;
			knownRegions = (
				en,
				Base,
			);
			mainGroup = 19F0762B228D629700E275CD;
			productRefGroup = 19F07635228D629700E275CD /* Products */;
			projectDirPath = "";
			projectRoot = "";
			targets = (
				19F07633228D629700E275CD /* PVViewDemo */,
			);
		};
/* End PBXProject section */

/* Begin PBXResourcesBuildPhase section */
		19F07632228D629700E275CD /* Resources */ = {
			isa = PBXResourcesBuildPhase;
			buildActionMask = 2147483647;
			files = (
				19F07642228D629900E275CD /* LaunchScreen.storyboard in Resources */,
				19F0763F228D629900E275CD /* Assets.xcassets in Resources */,
				19F0763D228D629700E275CD /* Main.storyboard in Resources */,
			);
			runOnlyForDeploymentPostprocessing = 0;
		};
/* End PBXResourcesBuildPhase section */

/* Begin PBXSourcesBuildPhase section */
		19F07630228D629700E275CD /* Sources */ = {
			isa = PBXSourcesBuildPhase;
			buildActionMask = 2147483647;
			files = (
				19F0763A228D629700E275CD /* ViewController.swift in Sources */,
				19F07638228D629700E275CD /* AppDelegate.swift in Sources */,
				1927177022908D03003DD25E /* ParallaxItem.swift in Sources */,
			);
			runOnlyForDeploymentPostprocessing = 0;
		};
/* End PBXSourcesBuildPhase section */

/* Begin PBXVariantGroup section */
		19F0763B228D629700E275CD /* Main.storyboard */ = {
			isa = PBXVariantGroup;
			children = (
				19F0763C228D629700E275CD /* Base */,
			);
			name = Main.storyboard;
			sourceTree = "<group>";
		};
		19F07640228D629900E275CD /* LaunchScreen.storyboard */ = {
			isa = PBXVariantGroup;
			children = (
				19F07641228D629900E275CD /* Base */,
			);
			name = LaunchScreen.storyboard;
			sourceTree = "<group>";
		};
/* End PBXVariantGroup section */

/* Begin XCBuildConfiguration section */
		19F07644228D629900E275CD /* Debug */ = {
			isa = XCBuildConfiguration;
			buildSettings = {
				ALWAYS_SEARCH_USER_PATHS = NO;
				CLANG_ANALYZER_NONNULL = YES;
				CLANG_ANALYZER_NUMBER_OBJECT_CONVERSION = YES_AGGRESSIVE;
				CLANG_CXX_LANGUAGE_STANDARD = "gnu++14";
				CLANG_CXX_LIBRARY = "libc++";
				CLANG_ENABLE_MODULES = YES;
				CLANG_ENABLE_OBJC_ARC = YES;
				CLANG_ENABLE_OBJC_WEAK = YES;
				CLANG_WARN_BLOCK_CAPTURE_AUTORELEASING = YES;
				CLANG_WARN_BOOL_CONVERSION = YES;
				CLANG_WARN_COMMA = YES;
				CLANG_WARN_CONSTANT_CONVERSION = YES;
				CLANG_WARN_DEPRECATED_OBJC_IMPLEMENTATIONS = YES;
				CLANG_WARN_DIRECT_OBJC_ISA_USAGE = YES_ERROR;
				CLANG_WARN_DOCUMENTATION_COMMENTS = YES;
				CLANG_WARN_EMPTY_BODY = YES;
				CLANG_WARN_ENUM_CONVERSION = YES;
				CLANG_WARN_INFINITE_RECURSION = YES;
				CLANG_WARN_INT_CONVERSION = YES;
				CLANG_WARN_NON_LITERAL_NULL_CONVERSION = YES;
				CLANG_WARN_OBJC_IMPLICIT_RETAIN_SELF = YES;
				CLANG_WARN_OBJC_LITERAL_CONVERSION = YES;
				CLANG_WARN_OBJC_ROOT_CLASS = YES_ERROR;
				CLANG_WARN_RANGE_LOOP_ANALYSIS = YES;
				CLANG_WARN_STRICT_PROTOTYPES = YES;
				CLANG_WARN_SUSPICIOUS_MOVE = YES;
				CLANG_WARN_UNGUARDED_AVAILABILITY = YES_AGGRESSIVE;
				CLANG_WARN_UNREACHABLE_CODE = YES;
				CLANG_WARN__DUPLICATE_METHOD_MATCH = YES;
				CODE_SIGN_IDENTITY = "iPhone Developer";
				COPY_PHASE_STRIP = NO;
				DEBUG_INFORMATION_FORMAT = dwarf;
				ENABLE_STRICT_OBJC_MSGSEND = YES;
				ENABLE_TESTABILITY = YES;
				GCC_C_LANGUAGE_STANDARD = gnu11;
				GCC_DYNAMIC_NO_PIC = NO;
				GCC_NO_COMMON_BLOCKS = YES;
				GCC_OPTIMIZATION_LEVEL = 0;
				GCC_PREPROCESSOR_DEFINITIONS = (
					"DEBUG=1",
					"$(inherited)",
				);
				GCC_WARN_64_TO_32_BIT_CONVERSION = YES;
				GCC_WARN_ABOUT_RETURN_TYPE = YES_ERROR;
				GCC_WARN_UNDECLARED_SELECTOR = YES;
				GCC_WARN_UNINITIALIZED_AUTOS = YES_AGGRESSIVE;
				GCC_WARN_UNUSED_FUNCTION = YES;
				GCC_WARN_UNUSED_VARIABLE = YES;
				IPHONEOS_DEPLOYMENT_TARGET = 12.2;
				MTL_ENABLE_DEBUG_INFO = INCLUDE_SOURCE;
				MTL_FAST_MATH = YES;
				ONLY_ACTIVE_ARCH = YES;
				SDKROOT = iphoneos;
				SWIFT_ACTIVE_COMPILATION_CONDITIONS = DEBUG;
				SWIFT_OPTIMIZATION_LEVEL = "-Onone";
			};
			name = Debug;
		};
		19F07645228D629900E275CD /* Release */ = {
			isa = XCBuildConfiguration;
			buildSettings = {
				ALWAYS_SEARCH_USER_PATHS = NO;
				CLANG_ANALYZER_NONNULL = YES;
				CLANG_ANALYZER_NUMBER_OBJECT_CONVERSION = YES_AGGRESSIVE;
				CLANG_CXX_LANGUAGE_STANDARD = "gnu++14";
				CLANG_CXX_LIBRARY = "libc++";
				CLANG_ENABLE_MODULES = YES;
				CLANG_ENABLE_OBJC_ARC = YES;
				CLANG_ENABLE_OBJC_WEAK = YES;
				CLANG_WARN_BLOCK_CAPTURE_AUTORELEASING = YES;
				CLANG_WARN_BOOL_CONVERSION = YES;
				CLANG_WARN_COMMA = YES;
				CLANG_WARN_CONSTANT_CONVERSION = YES;
				CLANG_WARN_DEPRECATED_OBJC_IMPLEMENTATIONS = YES;
				CLANG_WARN_DIRECT_OBJC_ISA_USAGE = YES_ERROR;
				CLANG_WARN_DOCUMENTATION_COMMENTS = YES;
				CLANG_WARN_EMPTY_BODY = YES;
				CLANG_WARN_ENUM_CONVERSION = YES;
				CLANG_WARN_INFINITE_RECURSION = YES;
				CLANG_WARN_INT_CONVERSION = YES;
				CLANG_WARN_NON_LITERAL_NULL_CONVERSION = YES;
				CLANG_WARN_OBJC_IMPLICIT_RETAIN_SELF = YES;
				CLANG_WARN_OBJC_LITERAL_CONVERSION = YES;
				CLANG_WARN_OBJC_ROOT_CLASS = YES_ERROR;
				CLANG_WARN_RANGE_LOOP_ANALYSIS = YES;
				CLANG_WARN_STRICT_PROTOTYPES = YES;
				CLANG_WARN_SUSPICIOUS_MOVE = YES;
				CLANG_WARN_UNGUARDED_AVAILABILITY = YES_AGGRESSIVE;
				CLANG_WARN_UNREACHABLE_CODE = YES;
				CLANG_WARN__DUPLICATE_METHOD_MATCH = YES;
				CODE_SIGN_IDENTITY = "iPhone Developer";
				COPY_PHASE_STRIP = NO;
				DEBUG_INFORMATION_FORMAT = "dwarf-with-dsym";
				ENABLE_NS_ASSERTIONS = NO;
				ENABLE_STRICT_OBJC_MSGSEND = YES;
				GCC_C_LANGUAGE_STANDARD = gnu11;
				GCC_NO_COMMON_BLOCKS = YES;
				GCC_WARN_64_TO_32_BIT_CONVERSION = YES;
				GCC_WARN_ABOUT_RETURN_TYPE = YES_ERROR;
				GCC_WARN_UNDECLARED_SELECTOR = YES;
				GCC_WARN_UNINITIALIZED_AUTOS = YES_AGGRESSIVE;
				GCC_WARN_UNUSED_FUNCTION = YES;
				GCC_WARN_UNUSED_VARIABLE = YES;
				IPHONEOS_DEPLOYMENT_TARGET = 12.2;
				MTL_ENABLE_DEBUG_INFO = NO;
				MTL_FAST_MATH = YES;
				SDKROOT = iphoneos;
				SWIFT_COMPILATION_MODE = wholemodule;
				SWIFT_OPTIMIZATION_LEVEL = "-O";
				VALIDATE_PRODUCT = YES;
			};
			name = Release;
		};
		19F07647228D629900E275CD /* Debug */ = {
			isa = XCBuildConfiguration;
			buildSettings = {
				ASSETCATALOG_COMPILER_APPICON_NAME = AppIcon;
				CODE_SIGN_STYLE = Automatic;
				DEVELOPMENT_TEAM = XZ58J23V22;
				INFOPLIST_FILE = PVViewDemo/Info.plist;
				IPHONEOS_DEPLOYMENT_TARGET = 9.0;
				LD_RUNPATH_SEARCH_PATHS = (
					"$(inherited)",
					"@executable_path/Frameworks",
				);
				PRODUCT_BUNDLE_IDENTIFIER = com.tnt.PVViewDemo;
				PRODUCT_NAME = "$(TARGET_NAME)";
				SWIFT_VERSION = 5.0;
				TARGETED_DEVICE_FAMILY = "1,2";
			};
			name = Debug;
		};
		19F07648228D629900E275CD /* Release */ = {
			isa = XCBuildConfiguration;
			buildSettings = {
				ASSETCATALOG_COMPILER_APPICON_NAME = AppIcon;
				CODE_SIGN_STYLE = Automatic;
				DEVELOPMENT_TEAM = XZ58J23V22;
				INFOPLIST_FILE = PVViewDemo/Info.plist;
				IPHONEOS_DEPLOYMENT_TARGET = 9.0;
				LD_RUNPATH_SEARCH_PATHS = (
					"$(inherited)",
					"@executable_path/Frameworks",
				);
				PRODUCT_BUNDLE_IDENTIFIER = com.tnt.PVViewDemo;
				PRODUCT_NAME = "$(TARGET_NAME)";
				SWIFT_VERSION = 5.0;
				TARGETED_DEVICE_FAMILY = "1,2";
			};
			name = Release;
		};
/* End XCBuildConfiguration section */

/* Begin XCConfigurationList section */
		19F0762F228D629700E275CD /* Build configuration list for PBXProject "PVViewDemo" */ = {
			isa = XCConfigurationList;
			buildConfigurations = (
				19F07644228D629900E275CD /* Debug */,
				19F07645228D629900E275CD /* Release */,
			);
			defaultConfigurationIsVisible = 0;
			defaultConfigurationName = Release;
		};
		19F07646228D629900E275CD /* Build configuration list for PBXNativeTarget "PVViewDemo" */ = {
			isa = XCConfigurationList;
			buildConfigurations = (
				19F07647228D629900E275CD /* Debug */,
				19F07648228D629900E275CD /* Release */,
			);
			defaultConfigurationIsVisible = 0;
			defaultConfigurationName = Release;
		};
/* End XCConfigurationList section */
	};
	rootObject = 19F0762C228D629700E275CD /* Project object */;
}
